// !$*UTF8*$!
{
	archiveVersion = 1;
	classes = {
	};
	objectVersion = 56;
	objects = {

/* Begin PBXBuildFile section */
		88CEE20A2CAC8FF300A07FED /* TODOAPPApp.swift in Sources */ = {isa = PBXBuildFile; fileRef = 88CEE2092CAC8FF300A07FED /* TODOAPPApp.swift */; };
		88CEE20E2CAC8FF500A07FED /* Assets.xcassets in Resources */ = {isa = PBXBuildFile; fileRef = 88CEE20D2CAC8FF500A07FED /* Assets.xcassets */; };
		88CEE2112CAC8FF500A07FED /* Preview Assets.xcassets in Resources */ = {isa = PBXBuildFile; fileRef = 88CEE2102CAC8FF500A07FED /* Preview Assets.xcassets */; };
		88CEE2192CAC90B100A07FED /* TaskModel.swift in Sources */ = {isa = PBXBuildFile; fileRef = 88CEE2172CAC90B100A07FED /* TaskModel.swift */; };
		88CEE21C2CAC90CF00A07FED /* ListViewModel.swift in Sources */ = {isa = PBXBuildFile; fileRef = 88CEE21A2CAC90CF00A07FED /* ListViewModel.swift */; };
		88CEE2222CAC90FD00A07FED /* AddView.swift in Sources */ = {isa = PBXBuildFile; fileRef = 88CEE21D2CAC90FD00A07FED /* AddView.swift */; };
		88CEE2232CAC90FD00A07FED /* EditView.swift in Sources */ = {isa = PBXBuildFile; fileRef = 88CEE21E2CAC90FD00A07FED /* EditView.swift */; };
		88CEE2242CAC90FD00A07FED /* ListRowView.swift in Sources */ = {isa = PBXBuildFile; fileRef = 88CEE21F2CAC90FD00A07FED /* ListRowView.swift */; };
		88CEE2252CAC90FD00A07FED /* ListView.swift in Sources */ = {isa = PBXBuildFile; fileRef = 88CEE2202CAC90FD00A07FED /* ListView.swift */; };
/* End PBXBuildFile section */

/* Begin PBXFileReference section */
		88CEE2062CAC8FF300A07FED /* TODOAPP.app */ = {isa = PBXFileReference; explicitFileType = wrapper.application; includeInIndex = 0; path = TODOAPP.app; sourceTree = BUILT_PRODUCTS_DIR; };
		88CEE2092CAC8FF300A07FED /* TODOAPPApp.swift */ = {isa = PBXFileReference; lastKnownFileType = sourcecode.swift; path = TODOAPPApp.swift; sourceTree = "<group>"; };
		88CEE20D2CAC8FF500A07FED /* Assets.xcassets */ = {isa = PBXFileReference; lastKnownFileType = folder.assetcatalog; path = Assets.xcassets; sourceTree = "<group>"; };
		88CEE2102CAC8FF500A07FED /* Preview Assets.xcassets */ = {isa = PBXFileReference; lastKnownFileType = folder.assetcatalog; path = "Preview Assets.xcassets"; sourceTree = "<group>"; };
		88CEE2172CAC90B100A07FED /* TaskModel.swift */ = {isa = PBXFileReference; fileEncoding = 4; lastKnownFileType = sourcecode.swift; path = TaskModel.swift; sourceTree = "<group>"; };
		88CEE21A2CAC90CF00A07FED /* ListViewModel.swift */ = {isa = PBXFileReference; fileEncoding = 4; lastKnownFileType = sourcecode.swift; path = ListViewModel.swift; sourceTree = "<group>"; };
		88CEE21D2CAC90FD00A07FED /* AddView.swift */ = {isa = PBXFileReference; fileEncoding = 4; lastKnownFileType = sourcecode.swift; path = AddView.swift; sourceTree = "<group>"; };
		88CEE21E2CAC90FD00A07FED /* EditView.swift */ = {isa = PBXFileReference; fileEncoding = 4; lastKnownFileType = sourcecode.swift; path = EditView.swift; sourceTree = "<group>"; };
		88CEE21F2CAC90FD00A07FED /* ListRowView.swift */ = {isa = PBXFileReference; fileEncoding = 4; lastKnownFileType = sourcecode.swift; path = ListRowView.swift; sourceTree = "<group>"; };
		88CEE2202CAC90FD00A07FED /* ListView.swift */ = {isa = PBXFileReference; fileEncoding = 4; lastKnownFileType = sourcecode.swift; path = ListView.swift; sourceTree = "<group>"; };
/* End PBXFileReference section */

/* Begin PBXFrameworksBuildPhase section */
		88CEE2032CAC8FF300A07FED /* Frameworks */ = {
			isa = PBXFrameworksBuildPhase;
			buildActionMask = 2147483647;
			files = (
			);
			runOnlyForDeploymentPostprocessing = 0;
		};
/* End PBXFrameworksBuildPhase section */

/* Begin PBXGroup section */
		88CEE1FD2CAC8FF300A07FED = {
			isa = PBXGroup;
			children = (
				88CEE2082CAC8FF300A07FED /* TODOAPP */,
				88CEE2072CAC8FF300A07FED /* Products */,
			);
			sourceTree = "<group>";
		};
		88CEE2072CAC8FF300A07FED /* Products */ = {
			isa = PBXGroup;
			children = (
				88CEE2062CAC8FF300A07FED /* TODOAPP.app */,
			);
			name = Products;
			sourceTree = "<group>";
		};
		88CEE2082CAC8FF300A07FED /* TODOAPP */ = {
			isa = PBXGroup;
			children = (
				88CEE2212CAC90FD00A07FED /* Views */,
				88CEE21B2CAC90CF00A07FED /* ViewModels */,
				88CEE2182CAC90B100A07FED /* Models */,
				88CEE2092CAC8FF300A07FED /* TODOAPPApp.swift */,
				88CEE20D2CAC8FF500A07FED /* Assets.xcassets */,
				88CEE20F2CAC8FF500A07FED /* Preview Content */,
			);
			path = TODOAPP;
			sourceTree = "<group>";
		};
		88CEE20F2CAC8FF500A07FED /* Preview Content */ = {
			isa = PBXGroup;
			children = (
				88CEE2102CAC8FF500A07FED /* Preview Assets.xcassets */,
			);
			path = "Preview Content";
			sourceTree = "<group>";
		};
		88CEE2182CAC90B100A07FED /* Models */ = {
			isa = PBXGroup;
			children = (
				88CEE2172CAC90B100A07FED /* TaskModel.swift */,
			);
			path = Models;
			sourceTree = "<group>";
		};
		88CEE21B2CAC90CF00A07FED /* ViewModels */ = {
			isa = PBXGroup;
			children = (
				88CEE21A2CAC90CF00A07FED /* ListViewModel.swift */,
			);
			path = ViewModels;
			sourceTree = "<group>";
		};
		88CEE2212CAC90FD00A07FED /* Views */ = {
			isa = PBXGroup;
			children = (
				88CEE21D2CAC90FD00A07FED /* AddView.swift */,
				88CEE21E2CAC90FD00A07FED /* EditView.swift */,
				88CEE21F2CAC90FD00A07FED /* ListRowView.swift */,
				88CEE2202CAC90FD00A07FED /* ListView.swift */,
			);
			name = Views;
			path = TODOAPP/Views;
			sourceTree = SOURCE_ROOT;
		};
/* End PBXGroup section */

/* Begin PBXNativeTarget section */
		88CEE2052CAC8FF300A07FED /* TODOAPP */ = {
			isa = PBXNativeTarget;
			buildConfigurationList = 88CEE2142CAC8FF500A07FED /* Build configuration list for PBXNativeTarget "TODOAPP" */;
			buildPhases = (
				88CEE2022CAC8FF300A07FED /* Sources */,
				88CEE2032CAC8FF300A07FED /* Frameworks */,
				88CEE2042CAC8FF300A07FED /* Resources */,
			);
			buildRules = (
			);
			dependencies = (
			);
			name = TODOAPP;
			productName = TODOAPP;
			productReference = 88CEE2062CAC8FF300A07FED /* TODOAPP.app */;
			productType = "com.apple.product-type.application";
		};
/* End PBXNativeTarget section */

/* Begin PBXProject section */
		88CEE1FE2CAC8FF300A07FED /* Project object */ = {
			isa = PBXProject;
			attributes = {
				BuildIndependentTargetsInParallel = 1;
				LastSwiftUpdateCheck = 1540;
				LastUpgradeCheck = 1540;
				TargetAttributes = {
					88CEE2052CAC8FF300A07FED = {
						CreatedOnToolsVersion = 15.4;
					};
				};
			};
			buildConfigurationList = 88CEE2012CAC8FF300A07FED /* Build configuration list for PBXProject "TODOAPP" */;
			compatibilityVersion = "Xcode 14.0";
			developmentRegion = en;
			hasScannedForEncodings = 0;
			knownRegions = (
				en,
				Base,
			);
			mainGroup = 88CEE1FD2CAC8FF300A07FED;
			productRefGroup = 88CEE2072CAC8FF300A07FED /* Products */;
			projectDirPath = "";
			projectRoot = "";
			targets = (
				88CEE2052CAC8FF300A07FED /* TODOAPP */,
			);
		};
/* End PBXProject section */

/* Begin PBXResourcesBuildPhase section */
		88CEE2042CAC8FF300A07FED /* Resources */ = {
			isa = PBXResourcesBuildPhase;
			buildActionMask = 2147483647;
			files = (
				88CEE2112CAC8FF500A07FED /* Preview Assets.xcassets in Resources */,
				88CEE20E2CAC8FF500A07FED /* Assets.xcassets in Resources */,
			);
			runOnlyForDeploymentPostprocessing = 0;
		};
/* End PBXResourcesBuildPhase section */

/* Begin PBXSourcesBuildPhase section */
		88CEE2022CAC8FF300A07FED /* Sources */ = {
			isa = PBXSourcesBuildPhase;
			buildActionMask = 2147483647;
			files = (
				88CEE2252CAC90FD00A07FED /* ListView.swift in Sources */,
				88CEE2192CAC90B100A07FED /* TaskModel.swift in Sources */,
				88CEE2242CAC90FD00A07FED /* ListRowView.swift in Sources */,
				88CEE2232CAC90FD00A07FED /* EditView.swift in Sources */,
				88CEE2222CAC90FD00A07FED /* AddView.swift in Sources */,
				88CEE21C2CAC90CF00A07FED /* ListViewModel.swift in Sources */,
				88CEE20A2CAC8FF300A07FED /* TODOAPPApp.swift in Sources */,
			);
			runOnlyForDeploymentPostprocessing = 0;
		};
/* End PBXSourcesBuildPhase section */

/* Begin XCBuildConfiguration section */
		88CEE2122CAC8FF500A07FED /* Debug */ = {
			isa = XCBuildConfiguration;
			buildSettings = {
				ALWAYS_SEARCH_USER_PATHS = NO;
				ASSETCATALOG_COMPILER_GENERATE_SWIFT_ASSET_SYMBOL_EXTENSIONS = YES;
				CLANG_ANALYZER_NONNULL = YES;
				CLANG_ANALYZER_NUMBER_OBJECT_CONVERSION = YES_AGGRESSIVE;
				CLANG_CXX_LANGUAGE_STANDARD = "gnu++20";
				CLANG_ENABLE_MODULES = YES;
				CLANG_ENABLE_OBJC_ARC = YES;
				CLANG_ENABLE_OBJC_WEAK = YES;
				CLANG_WARN_BLOCK_CAPTURE_AUTORELEASING = YES;
				CLANG_WARN_BOOL_CONVERSION = YES;
				CLANG_WARN_COMMA = YES;
				CLANG_WARN_CONSTANT_CONVERSION = YES;
				CLANG_WARN_DEPRECATED_OBJC_IMPLEMENTATIONS = YES;
				CLANG_WARN_DIRECT_OBJC_ISA_USAGE = YES_ERROR;
				CLANG_WARN_DOCUMENTATION_COMMENTS = YES;
				CLANG_WARN_EMPTY_BODY = YES;
				CLANG_WARN_ENUM_CONVERSION = YES;
				CLANG_WARN_INFINITE_RECURSION = YES;
				CLANG_WARN_INT_CONVERSION = YES;
				CLANG_WARN_NON_LITERAL_NULL_CONVERSION = YES;
				CLANG_WARN_OBJC_IMPLICIT_RETAIN_SELF = YES;
				CLANG_WARN_OBJC_LITERAL_CONVERSION = YES;
				CLANG_WARN_OBJC_ROOT_CLASS = YES_ERROR;
				CLANG_WARN_QUOTED_INCLUDE_IN_FRAMEWORK_HEADER = YES;
				CLANG_WARN_RANGE_LOOP_ANALYSIS = YES;
				CLANG_WARN_STRICT_PROTOTYPES = YES;
				CLANG_WARN_SUSPICIOUS_MOVE = YES;
				CLANG_WARN_UNGUARDED_AVAILABILITY = YES_AGGRESSIVE;
				CLANG_WARN_UNREACHABLE_CODE = YES;
				CLANG_WARN__DUPLICATE_METHOD_MATCH = YES;
				COPY_PHASE_STRIP = NO;
				DEBUG_INFORMATION_FORMAT = dwarf;
				ENABLE_STRICT_OBJC_MSGSEND = YES;
				ENABLE_TESTABILITY = YES;
				ENABLE_USER_SCRIPT_SANDBOXING = YES;
				GCC_C_LANGUAGE_STANDARD = gnu17;
				GCC_DYNAMIC_NO_PIC = NO;
				GCC_NO_COMMON_BLOCKS = YES;
				GCC_OPTIMIZATION_LEVEL = 0;
				GCC_PREPROCESSOR_DEFINITIONS = (
					"DEBUG=1",
					"$(inherited)",
				);
				GCC_WARN_64_TO_32_BIT_CONVERSION = YES;
				GCC_WARN_ABOUT_RETURN_TYPE = YES_ERROR;
				GCC_WARN_UNDECLARED_SELECTOR = YES;
				GCC_WARN_UNINITIALIZED_AUTOS = YES_AGGRESSIVE;
				GCC_WARN_UNUSED_FUNCTION = YES;
				GCC_WARN_UNUSED_VARIABLE = YES;
				IPHONEOS_DEPLOYMENT_TARGET = 17.5;
				LOCALIZATION_PREFERS_STRING_CATALOGS = YES;
				MTL_ENABLE_DEBUG_INFO = INCLUDE_SOURCE;
				MTL_FAST_MATH = YES;
				ONLY_ACTIVE_ARCH = YES;
				SDKROOT = iphoneos;
				SWIFT_ACTIVE_COMPILATION_CONDITIONS = "DEBUG $(inherited)";
				SWIFT_OPTIMIZATION_LEVEL = "-Onone";
			};
			name = Debug;
		};
		88CEE2132CAC8FF500A07FED /* Release */ = {
			isa = XCBuildConfiguration;
			buildSettings = {
				ALWAYS_SEARCH_USER_PATHS = NO;
				ASSETCATALOG_COMPILER_GENERATE_SWIFT_ASSET_SYMBOL_EXTENSIONS = YES;
				CLANG_ANALYZER_NONNULL = YES;
				CLANG_ANALYZER_NUMBER_OBJECT_CONVERSION = YES_AGGRESSIVE;
				CLANG_CXX_LANGUAGE_STANDARD = "gnu++20";
				CLANG_ENABLE_MODULES = YES;
				CLANG_ENABLE_OBJC_ARC = YES;
				CLANG_ENABLE_OBJC_WEAK = YES;
				CLANG_WARN_BLOCK_CAPTURE_AUTORELEASING = YES;
				CLANG_WARN_BOOL_CONVERSION = YES;
				CLANG_WARN_COMMA = YES;
				CLANG_WARN_CONSTANT_CONVERSION = YES;
				CLANG_WARN_DEPRECATED_OBJC_IMPLEMENTATIONS = YES;
				CLANG_WARN_DIRECT_OBJC_ISA_USAGE = YES_ERROR;
				CLANG_WARN_DOCUMENTATION_COMMENTS = YES;
				CLANG_WARN_EMPTY_BODY = YES;
				CLANG_WARN_ENUM_CONVERSION = YES;
				CLANG_WARN_INFINITE_RECURSION = YES;
				CLANG_WARN_INT_CONVERSION = YES;
				CLANG_WARN_NON_LITERAL_NULL_CONVERSION = YES;
				CLANG_WARN_OBJC_IMPLICIT_RETAIN_SELF = YES;
				CLANG_WARN_OBJC_LITERAL_CONVERSION = YES;
				CLANG_WARN_OBJC_ROOT_CLASS = YES_ERROR;
				CLANG_WARN_QUOTED_INCLUDE_IN_FRAMEWORK_HEADER = YES;
				CLANG_WARN_RANGE_LOOP_ANALYSIS = YES;
				CLANG_WARN_STRICT_PROTOTYPES = YES;
				CLANG_WARN_SUSPICIOUS_MOVE = YES;
				CLANG_WARN_UNGUARDED_AVAILABILITY = YES_AGGRESSIVE;
				CLANG_WARN_UNREACHABLE_CODE = YES;
				CLANG_WARN__DUPLICATE_METHOD_MATCH = YES;
				COPY_PHASE_STRIP = NO;
				DEBUG_INFORMATION_FORMAT = "dwarf-with-dsym";
				ENABLE_NS_ASSERTIONS = NO;
				ENABLE_STRICT_OBJC_MSGSEND = YES;
				ENABLE_USER_SCRIPT_SANDBOXING = YES;
				GCC_C_LANGUAGE_STANDARD = gnu17;
				GCC_NO_COMMON_BLOCKS = YES;
				GCC_WARN_64_TO_32_BIT_CONVERSION = YES;
				GCC_WARN_ABOUT_RETURN_TYPE = YES_ERROR;
				GCC_WARN_UNDECLARED_SELECTOR = YES;
				GCC_WARN_UNINITIALIZED_AUTOS = YES_AGGRESSIVE;
				GCC_WARN_UNUSED_FUNCTION = YES;
				GCC_WARN_UNUSED_VARIABLE = YES;
				IPHONEOS_DEPLOYMENT_TARGET = 17.5;
				LOCALIZATION_PREFERS_STRING_CATALOGS = YES;
				MTL_ENABLE_DEBUG_INFO = NO;
				MTL_FAST_MATH = YES;
				SDKROOT = iphoneos;
				SWIFT_COMPILATION_MODE = wholemodule;
				VALIDATE_PRODUCT = YES;
			};
			name = Release;
		};
		88CEE2152CAC8FF500A07FED /* Debug */ = {
			isa = XCBuildConfiguration;
			buildSettings = {
				ASSETCATALOG_COMPILER_APPICON_NAME = AppIcon;
				ASSETCATALOG_COMPILER_GLOBAL_ACCENT_COLOR_NAME = AccentColor;
				CODE_SIGN_STYLE = Automatic;
				CURRENT_PROJECT_VERSION = 1;
				DEVELOPMENT_ASSET_PATHS = "\"TODOAPP/Preview Content\"";
				DEVELOPMENT_TEAM = 3XMQDQF9VR;
				ENABLE_PREVIEWS = YES;
				GENERATE_INFOPLIST_FILE = YES;
				INFOPLIST_KEY_UIApplicationSceneManifest_Generation = YES;
				INFOPLIST_KEY_UIApplicationSupportsIndirectInputEvents = YES;
				INFOPLIST_KEY_UILaunchScreen_Generation = YES;
				INFOPLIST_KEY_UISupportedInterfaceOrientations_iPad = "UIInterfaceOrientationPortrait UIInterfaceOrientationPortraitUpsideDown UIInterfaceOrientationLandscapeLeft UIInterfaceOrientationLandscapeRight";
				INFOPLIST_KEY_UISupportedInterfaceOrientations_iPhone = "UIInterfaceOrientationPortrait UIInterfaceOrientationLandscapeLeft UIInterfaceOrientationLandscapeRight";
				LD_RUNPATH_SEARCH_PATHS = (
					"$(inherited)",
					"@executable_path/Frameworks",
				);
				MARKETING_VERSION = 1.0;
				PRODUCT_BUNDLE_IDENTIFIER = zayata.TODOAPP;
				PRODUCT_NAME = "$(TARGET_NAME)";
				SWIFT_EMIT_LOC_STRINGS = YES;
				SWIFT_VERSION = 5.0;
				TARGETED_DEVICE_FAMILY = "1,2";
			};
			name = Debug;
		};
		88CEE2162CAC8FF500A07FED /* Release */ = {
			isa = XCBuildConfiguration;
			buildSettings = {
				ASSETCATALOG_COMPILER_APPICON_NAME = AppIcon;
				ASSETCATALOG_COMPILER_GLOBAL_ACCENT_COLOR_NAME = AccentColor;
				CODE_SIGN_STYLE = Automatic;
				CURRENT_PROJECT_VERSION = 1;
				DEVELOPMENT_ASSET_PATHS = "\"TODOAPP/Preview Content\"";
				DEVELOPMENT_TEAM = 3XMQDQF9VR;
				ENABLE_PREVIEWS = YES;
				GENERATE_INFOPLIST_FILE = YES;
				INFOPLIST_KEY_UIApplicationSceneManifest_Generation = YES;
				INFOPLIST_KEY_UIApplicationSupportsIndirectInputEvents = YES;
				INFOPLIST_KEY_UILaunchScreen_Generation = YES;
				INFOPLIST_KEY_UISupportedInterfaceOrientations_iPad = "UIInterfaceOrientationPortrait UIInterfaceOrientationPortraitUpsideDown UIInterfaceOrientationLandscapeLeft UIInterfaceOrientationLandscapeRight";
				INFOPLIST_KEY_UISupportedInterfaceOrientations_iPhone = "UIInterfaceOrientationPortrait UIInterfaceOrientationLandscapeLeft UIInterfaceOrientationLandscapeRight";
				LD_RUNPATH_SEARCH_PATHS = (
					"$(inherited)",
					"@executable_path/Frameworks",
				);
				MARKETING_VERSION = 1.0;
				PRODUCT_BUNDLE_IDENTIFIER = zayata.TODOAPP;
				PRODUCT_NAME = "$(TARGET_NAME)";
				SWIFT_EMIT_LOC_STRINGS = YES;
				SWIFT_VERSION = 5.0;
				TARGETED_DEVICE_FAMILY = "1,2";
			};
			name = Release;
		};
/* End XCBuildConfiguration section */

/* Begin XCConfigurationList section */
		88CEE2012CAC8FF300A07FED /* Build configuration list for PBXProject "TODOAPP" */ = {
			isa = XCConfigurationList;
			buildConfigurations = (
				88CEE2122CAC8FF500A07FED /* Debug */,
				88CEE2132CAC8FF500A07FED /* Release */,
			);
			defaultConfigurationIsVisible = 0;
			defaultConfigurationName = Release;
		};
		88CEE2142CAC8FF500A07FED /* Build configuration list for PBXNativeTarget "TODOAPP" */ = {
			isa = XCConfigurationList;
			buildConfigurations = (
				88CEE2152CAC8FF500A07FED /* Debug */,
				88CEE2162CAC8FF500A07FED /* Release */,
			);
			defaultConfigurationIsVisible = 0;
			defaultConfigurationName = Release;
		};
/* End XCConfigurationList section */
	};
	rootObject = 88CEE1FE2CAC8FF300A07FED /* Project object */;
}
